// !$*UTF8*$!
{
	archiveVersion = 1;
	classes = {
	};
	objectVersion = 55;
	objects = {

/* Begin PBXBuildFile section */
		CAFBD541283DD92D00830EED /* SwiftUITestApp.swift in Sources */ = {isa = PBXBuildFile; fileRef = CAFBD540283DD92D00830EED /* SwiftUITestApp.swift */; };
		CAFBD543283DD92D00830EED /* ContentView.swift in Sources */ = {isa = PBXBuildFile; fileRef = CAFBD542283DD92D00830EED /* ContentView.swift */; };
		CAFBD545283DD92E00830EED /* Assets.xcassets in Resources */ = {isa = PBXBuildFile; fileRef = CAFBD544283DD92E00830EED /* Assets.xcassets */; };
		CAFBD548283DD92E00830EED /* Preview Assets.xcassets in Resources */ = {isa = PBXBuildFile; fileRef = CAFBD547283DD92E00830EED /* Preview Assets.xcassets */; };
		CAFBD54A283DD92E00830EED /* Persistence.swift in Sources */ = {isa = PBXBuildFile; fileRef = CAFBD549283DD92E00830EED /* Persistence.swift */; };
		CAFBD54D283DD92E00830EED /* SwiftUITest.xcdatamodeld in Sources */ = {isa = PBXBuildFile; fileRef = CAFBD54B283DD92E00830EED /* SwiftUITest.xcdatamodeld */; };
		CAFBD557283DD92F00830EED /* SwiftUITestTests.swift in Sources */ = {isa = PBXBuildFile; fileRef = CAFBD556283DD92F00830EED /* SwiftUITestTests.swift */; };
		CAFBD561283DD92F00830EED /* SwiftUITestUITests.swift in Sources */ = {isa = PBXBuildFile; fileRef = CAFBD560283DD92F00830EED /* SwiftUITestUITests.swift */; };
		CAFBD563283DD92F00830EED /* SwiftUITestUITestsLaunchTests.swift in Sources */ = {isa = PBXBuildFile; fileRef = CAFBD562283DD92F00830EED /* SwiftUITestUITestsLaunchTests.swift */; };
		CAFBD571283DD9CE00830EED /* LazyStack.swift in Sources */ = {isa = PBXBuildFile; fileRef = CAFBD570283DD9CE00830EED /* LazyStack.swift */; };
/* End PBXBuildFile section */

/* Begin PBXContainerItemProxy section */
		CAFBD553283DD92F00830EED /* PBXContainerItemProxy */ = {
			isa = PBXContainerItemProxy;
			containerPortal = CAFBD535283DD92C00830EED /* Project object */;
			proxyType = 1;
			remoteGlobalIDString = CAFBD53C283DD92D00830EED;
			remoteInfo = SwiftUITest;
		};
		CAFBD55D283DD92F00830EED /* PBXContainerItemProxy */ = {
			isa = PBXContainerItemProxy;
			containerPortal = CAFBD535283DD92C00830EED /* Project object */;
			proxyType = 1;
			remoteGlobalIDString = CAFBD53C283DD92D00830EED;
			remoteInfo = SwiftUITest;
		};
/* End PBXContainerItemProxy section */

/* Begin PBXFileReference section */
		CAFBD53D283DD92D00830EED /* SwiftUITest.app */ = {isa = PBXFileReference; explicitFileType = wrapper.application; includeInIndex = 0; path = SwiftUITest.app; sourceTree = BUILT_PRODUCTS_DIR; };
		CAFBD540283DD92D00830EED /* SwiftUITestApp.swift */ = {isa = PBXFileReference; lastKnownFileType = sourcecode.swift; path = SwiftUITestApp.swift; sourceTree = "<group>"; };
		CAFBD542283DD92D00830EED /* ContentView.swift */ = {isa = PBXFileReference; lastKnownFileType = sourcecode.swift; path = ContentView.swift; sourceTree = "<group>"; };
		CAFBD544283DD92E00830EED /* Assets.xcassets */ = {isa = PBXFileReference; lastKnownFileType = folder.assetcatalog; path = Assets.xcassets; sourceTree = "<group>"; };
		CAFBD547283DD92E00830EED /* Preview Assets.xcassets */ = {isa = PBXFileReference; lastKnownFileType = folder.assetcatalog; path = "Preview Assets.xcassets"; sourceTree = "<group>"; };
		CAFBD549283DD92E00830EED /* Persistence.swift */ = {isa = PBXFileReference; lastKnownFileType = sourcecode.swift; path = Persistence.swift; sourceTree = "<group>"; };
		CAFBD54C283DD92E00830EED /* SwiftUITest.xcdatamodel */ = {isa = PBXFileReference; lastKnownFileType = wrapper.xcdatamodel; path = SwiftUITest.xcdatamodel; sourceTree = "<group>"; };
		CAFBD552283DD92F00830EED /* SwiftUITestTests.xctest */ = {isa = PBXFileReference; explicitFileType = wrapper.cfbundle; includeInIndex = 0; path = SwiftUITestTests.xctest; sourceTree = BUILT_PRODUCTS_DIR; };
		CAFBD556283DD92F00830EED /* SwiftUITestTests.swift */ = {isa = PBXFileReference; lastKnownFileType = sourcecode.swift; path = SwiftUITestTests.swift; sourceTree = "<group>"; };
		CAFBD55C283DD92F00830EED /* SwiftUITestUITests.xctest */ = {isa = PBXFileReference; explicitFileType = wrapper.cfbundle; includeInIndex = 0; path = SwiftUITestUITests.xctest; sourceTree = BUILT_PRODUCTS_DIR; };
		CAFBD560283DD92F00830EED /* SwiftUITestUITests.swift */ = {isa = PBXFileReference; lastKnownFileType = sourcecode.swift; path = SwiftUITestUITests.swift; sourceTree = "<group>"; };
		CAFBD562283DD92F00830EED /* SwiftUITestUITestsLaunchTests.swift */ = {isa = PBXFileReference; lastKnownFileType = sourcecode.swift; path = SwiftUITestUITestsLaunchTests.swift; sourceTree = "<group>"; };
		CAFBD570283DD9CE00830EED /* LazyStack.swift */ = {isa = PBXFileReference; lastKnownFileType = sourcecode.swift; path = LazyStack.swift; sourceTree = "<group>"; };
/* End PBXFileReference section */

/* Begin PBXFrameworksBuildPhase section */
		CAFBD53A283DD92D00830EED /* Frameworks */ = {
			isa = PBXFrameworksBuildPhase;
			buildActionMask = 2147483647;
			files = (
			);
			runOnlyForDeploymentPostprocessing = 0;
		};
		CAFBD54F283DD92F00830EED /* Frameworks */ = {
			isa = PBXFrameworksBuildPhase;
			buildActionMask = 2147483647;
			files = (
			);
			runOnlyForDeploymentPostprocessing = 0;
		};
		CAFBD559283DD92F00830EED /* Frameworks */ = {
			isa = PBXFrameworksBuildPhase;
			buildActionMask = 2147483647;
			files = (
			);
			runOnlyForDeploymentPostprocessing = 0;
		};
/* End PBXFrameworksBuildPhase section */

/* Begin PBXGroup section */
		CAFBD534283DD92C00830EED = {
			isa = PBXGroup;
			children = (
				CAFBD53F283DD92D00830EED /* SwiftUITest */,
				CAFBD555283DD92F00830EED /* SwiftUITestTests */,
				CAFBD55F283DD92F00830EED /* SwiftUITestUITests */,
				CAFBD53E283DD92D00830EED /* Products */,
			);
			sourceTree = "<group>";
		};
		CAFBD53E283DD92D00830EED /* Products */ = {
			isa = PBXGroup;
			children = (
				CAFBD53D283DD92D00830EED /* SwiftUITest.app */,
				CAFBD552283DD92F00830EED /* SwiftUITestTests.xctest */,
				CAFBD55C283DD92F00830EED /* SwiftUITestUITests.xctest */,
			);
			name = Products;
			sourceTree = "<group>";
		};
		CAFBD53F283DD92D00830EED /* SwiftUITest */ = {
			isa = PBXGroup;
			children = (
				CAFBD56F283DD9C100830EED /* Lazy */,
				CAFBD540283DD92D00830EED /* SwiftUITestApp.swift */,
				CAFBD542283DD92D00830EED /* ContentView.swift */,
				CAFBD544283DD92E00830EED /* Assets.xcassets */,
				CAFBD549283DD92E00830EED /* Persistence.swift */,
				CAFBD54B283DD92E00830EED /* SwiftUITest.xcdatamodeld */,
				CAFBD546283DD92E00830EED /* Preview Content */,
			);
			path = SwiftUITest;
			sourceTree = "<group>";
		};
		CAFBD546283DD92E00830EED /* Preview Content */ = {
			isa = PBXGroup;
			children = (
				CAFBD547283DD92E00830EED /* Preview Assets.xcassets */,
			);
			path = "Preview Content";
			sourceTree = "<group>";
		};
		CAFBD555283DD92F00830EED /* SwiftUITestTests */ = {
			isa = PBXGroup;
			children = (
				CAFBD556283DD92F00830EED /* SwiftUITestTests.swift */,
			);
			path = SwiftUITestTests;
			sourceTree = "<group>";
		};
		CAFBD55F283DD92F00830EED /* SwiftUITestUITests */ = {
			isa = PBXGroup;
			children = (
				CAFBD560283DD92F00830EED /* SwiftUITestUITests.swift */,
				CAFBD562283DD92F00830EED /* SwiftUITestUITestsLaunchTests.swift */,
			);
			path = SwiftUITestUITests;
			sourceTree = "<group>";
		};
		CAFBD56F283DD9C100830EED /* Lazy */ = {
			isa = PBXGroup;
			children = (
				CAFBD570283DD9CE00830EED /* LazyStack.swift */,
			);
			path = Lazy;
			sourceTree = "<group>";
		};
/* End PBXGroup section */

/* Begin PBXNativeTarget section */
		CAFBD53C283DD92D00830EED /* SwiftUITest */ = {
			isa = PBXNativeTarget;
			buildConfigurationList = CAFBD566283DD92F00830EED /* Build configuration list for PBXNativeTarget "SwiftUITest" */;
			buildPhases = (
				CAFBD539283DD92D00830EED /* Sources */,
				CAFBD53A283DD92D00830EED /* Frameworks */,
				CAFBD53B283DD92D00830EED /* Resources */,
			);
			buildRules = (
			);
			dependencies = (
			);
			name = SwiftUITest;
			productName = SwiftUITest;
			productReference = CAFBD53D283DD92D00830EED /* SwiftUITest.app */;
			productType = "com.apple.product-type.application";
		};
		CAFBD551283DD92F00830EED /* SwiftUITestTests */ = {
			isa = PBXNativeTarget;
			buildConfigurationList = CAFBD569283DD92F00830EED /* Build configuration list for PBXNativeTarget "SwiftUITestTests" */;
			buildPhases = (
				CAFBD54E283DD92F00830EED /* Sources */,
				CAFBD54F283DD92F00830EED /* Frameworks */,
				CAFBD550283DD92F00830EED /* Resources */,
			);
			buildRules = (
			);
			dependencies = (
				CAFBD554283DD92F00830EED /* PBXTargetDependency */,
			);
			name = SwiftUITestTests;
			productName = SwiftUITestTests;
			productReference = CAFBD552283DD92F00830EED /* SwiftUITestTests.xctest */;
			productType = "com.apple.product-type.bundle.unit-test";
		};
		CAFBD55B283DD92F00830EED /* SwiftUITestUITests */ = {
			isa = PBXNativeTarget;
			buildConfigurationList = CAFBD56C283DD92F00830EED /* Build configuration list for PBXNativeTarget "SwiftUITestUITests" */;
			buildPhases = (
				CAFBD558283DD92F00830EED /* Sources */,
				CAFBD559283DD92F00830EED /* Frameworks */,
				CAFBD55A283DD92F00830EED /* Resources */,
			);
			buildRules = (
			);
			dependencies = (
				CAFBD55E283DD92F00830EED /* PBXTargetDependency */,
			);
			name = SwiftUITestUITests;
			productName = SwiftUITestUITests;
			productReference = CAFBD55C283DD92F00830EED /* SwiftUITestUITests.xctest */;
			productType = "com.apple.product-type.bundle.ui-testing";
		};
/* End PBXNativeTarget section */

/* Begin PBXProject section */
		CAFBD535283DD92C00830EED /* Project object */ = {
			isa = PBXProject;
			attributes = {
				BuildIndependentTargetsInParallel = 1;
				LastSwiftUpdateCheck = 1320;
				LastUpgradeCheck = 1320;
				TargetAttributes = {
					CAFBD53C283DD92D00830EED = {
						CreatedOnToolsVersion = 13.2.1;
					};
					CAFBD551283DD92F00830EED = {
						CreatedOnToolsVersion = 13.2.1;
						TestTargetID = CAFBD53C283DD92D00830EED;
					};
					CAFBD55B283DD92F00830EED = {
						CreatedOnToolsVersion = 13.2.1;
						TestTargetID = CAFBD53C283DD92D00830EED;
					};
				};
			};
			buildConfigurationList = CAFBD538283DD92C00830EED /* Build configuration list for PBXProject "SwiftUITest" */;
			compatibilityVersion = "Xcode 13.0";
			developmentRegion = en;
			hasScannedForEncodings = 0;
			knownRegions = (
				en,
				Base,
			);
			mainGroup = CAFBD534283DD92C00830EED;
			productRefGroup = CAFBD53E283DD92D00830EED /* Products */;
			projectDirPath = "";
			projectRoot = "";
			targets = (
				CAFBD53C283DD92D00830EED /* SwiftUITest */,
				CAFBD551283DD92F00830EED /* SwiftUITestTests */,
				CAFBD55B283DD92F00830EED /* SwiftUITestUITests */,
			);
		};
/* End PBXProject section */

/* Begin PBXResourcesBuildPhase section */
		CAFBD53B283DD92D00830EED /* Resources */ = {
			isa = PBXResourcesBuildPhase;
			buildActionMask = 2147483647;
			files = (
				CAFBD548283DD92E00830EED /* Preview Assets.xcassets in Resources */,
				CAFBD545283DD92E00830EED /* Assets.xcassets in Resources */,
			);
			runOnlyForDeploymentPostprocessing = 0;
		};
		CAFBD550283DD92F00830EED /* Resources */ = {
			isa = PBXResourcesBuildPhase;
			buildActionMask = 2147483647;
			files = (
			);
			runOnlyForDeploymentPostprocessing = 0;
		};
		CAFBD55A283DD92F00830EED /* Resources */ = {
			isa = PBXResourcesBuildPhase;
			buildActionMask = 2147483647;
			files = (
			);
			runOnlyForDeploymentPostprocessing = 0;
		};
/* End PBXResourcesBuildPhase section */

/* Begin PBXSourcesBuildPhase section */
		CAFBD539283DD92D00830EED /* Sources */ = {
			isa = PBXSourcesBuildPhase;
			buildActionMask = 2147483647;
			files = (
				CAFBD54A283DD92E00830EED /* Persistence.swift in Sources */,
				CAFBD543283DD92D00830EED /* ContentView.swift in Sources */,
				CAFBD541283DD92D00830EED /* SwiftUITestApp.swift in Sources */,
				CAFBD571283DD9CE00830EED /* LazyStack.swift in Sources */,
				CAFBD54D283DD92E00830EED /* SwiftUITest.xcdatamodeld in Sources */,
			);
			runOnlyForDeploymentPostprocessing = 0;
		};
		CAFBD54E283DD92F00830EED /* Sources */ = {
			isa = PBXSourcesBuildPhase;
			buildActionMask = 2147483647;
			files = (
				CAFBD557283DD92F00830EED /* SwiftUITestTests.swift in Sources */,
			);
			runOnlyForDeploymentPostprocessing = 0;
		};
		CAFBD558283DD92F00830EED /* Sources */ = {
			isa = PBXSourcesBuildPhase;
			buildActionMask = 2147483647;
			files = (
				CAFBD563283DD92F00830EED /* SwiftUITestUITestsLaunchTests.swift in Sources */,
				CAFBD561283DD92F00830EED /* SwiftUITestUITests.swift in Sources */,
			);
			runOnlyForDeploymentPostprocessing = 0;
		};
/* End PBXSourcesBuildPhase section */

/* Begin PBXTargetDependency section */
		CAFBD554283DD92F00830EED /* PBXTargetDependency */ = {
			isa = PBXTargetDependency;
			target = CAFBD53C283DD92D00830EED /* SwiftUITest */;
			targetProxy = CAFBD553283DD92F00830EED /* PBXContainerItemProxy */;
		};
		CAFBD55E283DD92F00830EED /* PBXTargetDependency */ = {
			isa = PBXTargetDependency;
			target = CAFBD53C283DD92D00830EED /* SwiftUITest */;
			targetProxy = CAFBD55D283DD92F00830EED /* PBXContainerItemProxy */;
		};
/* End PBXTargetDependency section */

/* Begin XCBuildConfiguration section */
		CAFBD564283DD92F00830EED /* Debug */ = {
			isa = XCBuildConfiguration;
			buildSettings = {
				ALWAYS_SEARCH_USER_PATHS = NO;
				CLANG_ANALYZER_NONNULL = YES;
				CLANG_ANALYZER_NUMBER_OBJECT_CONVERSION = YES_AGGRESSIVE;
				CLANG_CXX_LANGUAGE_STANDARD = "gnu++17";
				CLANG_CXX_LIBRARY = "libc++";
				CLANG_ENABLE_MODULES = YES;
				CLANG_ENABLE_OBJC_ARC = YES;
				CLANG_ENABLE_OBJC_WEAK = YES;
				CLANG_WARN_BLOCK_CAPTURE_AUTORELEASING = YES;
				CLANG_WARN_BOOL_CONVERSION = YES;
				CLANG_WARN_COMMA = YES;
				CLANG_WARN_CONSTANT_CONVERSION = YES;
				CLANG_WARN_DEPRECATED_OBJC_IMPLEMENTATIONS = YES;
				CLANG_WARN_DIRECT_OBJC_ISA_USAGE = YES_ERROR;
				CLANG_WARN_DOCUMENTATION_COMMENTS = YES;
				CLANG_WARN_EMPTY_BODY = YES;
				CLANG_WARN_ENUM_CONVERSION = YES;
				CLANG_WARN_INFINITE_RECURSION = YES;
				CLANG_WARN_INT_CONVERSION = YES;
				CLANG_WARN_NON_LITERAL_NULL_CONVERSION = YES;
				CLANG_WARN_OBJC_IMPLICIT_RETAIN_SELF = YES;
				CLANG_WARN_OBJC_LITERAL_CONVERSION = YES;
				CLANG_WARN_OBJC_ROOT_CLASS = YES_ERROR;
				CLANG_WARN_QUOTED_INCLUDE_IN_FRAMEWORK_HEADER = YES;
				CLANG_WARN_RANGE_LOOP_ANALYSIS = YES;
				CLANG_WARN_STRICT_PROTOTYPES = YES;
				CLANG_WARN_SUSPICIOUS_MOVE = YES;
				CLANG_WARN_UNGUARDED_AVAILABILITY = YES_AGGRESSIVE;
				CLANG_WARN_UNREACHABLE_CODE = YES;
				CLANG_WARN__DUPLICATE_METHOD_MATCH = YES;
				COPY_PHASE_STRIP = NO;
				DEBUG_INFORMATION_FORMAT = dwarf;
				ENABLE_STRICT_OBJC_MSGSEND = YES;
				ENABLE_TESTABILITY = YES;
				GCC_C_LANGUAGE_STANDARD = gnu11;
				GCC_DYNAMIC_NO_PIC = NO;
				GCC_NO_COMMON_BLOCKS = YES;
				GCC_OPTIMIZATION_LEVEL = 0;
				GCC_PREPROCESSOR_DEFINITIONS = (
					"DEBUG=1",
					"$(inherited)",
				);
				GCC_WARN_64_TO_32_BIT_CONVERSION = YES;
				GCC_WARN_ABOUT_RETURN_TYPE = YES_ERROR;
				GCC_WARN_UNDECLARED_SELECTOR = YES;
				GCC_WARN_UNINITIALIZED_AUTOS = YES_AGGRESSIVE;
				GCC_WARN_UNUSED_FUNCTION = YES;
				GCC_WARN_UNUSED_VARIABLE = YES;
				IPHONEOS_DEPLOYMENT_TARGET = 15.2;
				MTL_ENABLE_DEBUG_INFO = INCLUDE_SOURCE;
				MTL_FAST_MATH = YES;
				ONLY_ACTIVE_ARCH = YES;
				SDKROOT = iphoneos;
				SWIFT_ACTIVE_COMPILATION_CONDITIONS = DEBUG;
				SWIFT_OPTIMIZATION_LEVEL = "-Onone";
			};
			name = Debug;
		};
		CAFBD565283DD92F00830EED /* Release */ = {
			isa = XCBuildConfiguration;
			buildSettings = {
				ALWAYS_SEARCH_USER_PATHS = NO;
				CLANG_ANALYZER_NONNULL = YES;
				CLANG_ANALYZER_NUMBER_OBJECT_CONVERSION = YES_AGGRESSIVE;
				CLANG_CXX_LANGUAGE_STANDARD = "gnu++17";
				CLANG_CXX_LIBRARY = "libc++";
				CLANG_ENABLE_MODULES = YES;
				CLANG_ENABLE_OBJC_ARC = YES;
				CLANG_ENABLE_OBJC_WEAK = YES;
				CLANG_WARN_BLOCK_CAPTURE_AUTORELEASING = YES;
				CLANG_WARN_BOOL_CONVERSION = YES;
				CLANG_WARN_COMMA = YES;
				CLANG_WARN_CONSTANT_CONVERSION = YES;
				CLANG_WARN_DEPRECATED_OBJC_IMPLEMENTATIONS = YES;
				CLANG_WARN_DIRECT_OBJC_ISA_USAGE = YES_ERROR;
				CLANG_WARN_DOCUMENTATION_COMMENTS = YES;
				CLANG_WARN_EMPTY_BODY = YES;
				CLANG_WARN_ENUM_CONVERSION = YES;
				CLANG_WARN_INFINITE_RECURSION = YES;
				CLANG_WARN_INT_CONVERSION = YES;
				CLANG_WARN_NON_LITERAL_NULL_CONVERSION = YES;
				CLANG_WARN_OBJC_IMPLICIT_RETAIN_SELF = YES;
				CLANG_WARN_OBJC_LITERAL_CONVERSION = YES;
				CLANG_WARN_OBJC_ROOT_CLASS = YES_ERROR;
				CLANG_WARN_QUOTED_INCLUDE_IN_FRAMEWORK_HEADER = YES;
				CLANG_WARN_RANGE_LOOP_ANALYSIS = YES;
				CLANG_WARN_STRICT_PROTOTYPES = YES;
				CLANG_WARN_SUSPICIOUS_MOVE = YES;
				CLANG_WARN_UNGUARDED_AVAILABILITY = YES_AGGRESSIVE;
				CLANG_WARN_UNREACHABLE_CODE = YES;
				CLANG_WARN__DUPLICATE_METHOD_MATCH = YES;
				COPY_PHASE_STRIP = NO;
				DEBUG_INFORMATION_FORMAT = "dwarf-with-dsym";
				ENABLE_NS_ASSERTIONS = NO;
				ENABLE_STRICT_OBJC_MSGSEND = YES;
				GCC_C_LANGUAGE_STANDARD = gnu11;
				GCC_NO_COMMON_BLOCKS = YES;
				GCC_WARN_64_TO_32_BIT_CONVERSION = YES;
				GCC_WARN_ABOUT_RETURN_TYPE = YES_ERROR;
				GCC_WARN_UNDECLARED_SELECTOR = YES;
				GCC_WARN_UNINITIALIZED_AUTOS = YES_AGGRESSIVE;
				GCC_WARN_UNUSED_FUNCTION = YES;
				GCC_WARN_UNUSED_VARIABLE = YES;
				IPHONEOS_DEPLOYMENT_TARGET = 15.2;
				MTL_ENABLE_DEBUG_INFO = NO;
				MTL_FAST_MATH = YES;
				SDKROOT = iphoneos;
				SWIFT_COMPILATION_MODE = wholemodule;
				SWIFT_OPTIMIZATION_LEVEL = "-O";
				VALIDATE_PRODUCT = YES;
			};
			name = Release;
		};
		CAFBD567283DD92F00830EED /* Debug */ = {
			isa = XCBuildConfiguration;
			buildSettings = {
				ASSETCATALOG_COMPILER_APPICON_NAME = AppIcon;
				ASSETCATALOG_COMPILER_GLOBAL_ACCENT_COLOR_NAME = AccentColor;
				CODE_SIGN_STYLE = Automatic;
				CURRENT_PROJECT_VERSION = 1;
				DEVELOPMENT_ASSET_PATHS = "\"SwiftUITest/Preview Content\"";
				DEVELOPMENT_TEAM = KXRYK7VGBQ;
				ENABLE_PREVIEWS = YES;
				GENERATE_INFOPLIST_FILE = YES;
				INFOPLIST_KEY_UIApplicationSceneManifest_Generation = YES;
				INFOPLIST_KEY_UIApplicationSupportsIndirectInputEvents = YES;
				INFOPLIST_KEY_UILaunchScreen_Generation = YES;
				INFOPLIST_KEY_UISupportedInterfaceOrientations_iPad = "UIInterfaceOrientationPortrait UIInterfaceOrientationPortraitUpsideDown UIInterfaceOrientationLandscapeLeft UIInterfaceOrientationLandscapeRight";
				INFOPLIST_KEY_UISupportedInterfaceOrientations_iPhone = "UIInterfaceOrientationPortrait UIInterfaceOrientationLandscapeLeft UIInterfaceOrientationLandscapeRight";
				LD_RUNPATH_SEARCH_PATHS = (
					"$(inherited)",
					"@executable_path/Frameworks",
				);
				MARKETING_VERSION = 1.0;
				PRODUCT_BUNDLE_IDENTIFIER = github.com.valentinobaongoc.SwiftUITest;
				PRODUCT_NAME = "$(TARGET_NAME)";
				SWIFT_EMIT_LOC_STRINGS = YES;
				SWIFT_VERSION = 5.0;
				TARGETED_DEVICE_FAMILY = "1,2";
			};
			name = Debug;
		};
		CAFBD568283DD92F00830EED /* Release */ = {
			isa = XCBuildConfiguration;
			buildSettings = {
				ASSETCATALOG_COMPILER_APPICON_NAME = AppIcon;
				ASSETCATALOG_COMPILER_GLOBAL_ACCENT_COLOR_NAME = AccentColor;
				CODE_SIGN_STYLE = Automatic;
				CURRENT_PROJECT_VERSION = 1;
				DEVELOPMENT_ASSET_PATHS = "\"SwiftUITest/Preview Content\"";
				DEVELOPMENT_TEAM = KXRYK7VGBQ;
				ENABLE_PREVIEWS = YES;
				GENERATE_INFOPLIST_FILE = YES;
				INFOPLIST_KEY_UIApplicationSceneManifest_Generation = YES;
				INFOPLIST_KEY_UIApplicationSupportsIndirectInputEvents = YES;
				INFOPLIST_KEY_UILaunchScreen_Generation = YES;
				INFOPLIST_KEY_UISupportedInterfaceOrientations_iPad = "UIInterfaceOrientationPortrait UIInterfaceOrientationPortraitUpsideDown UIInterfaceOrientationLandscapeLeft UIInterfaceOrientationLandscapeRight";
				INFOPLIST_KEY_UISupportedInterfaceOrientations_iPhone = "UIInterfaceOrientationPortrait UIInterfaceOrientationLandscapeLeft UIInterfaceOrientationLandscapeRight";
				LD_RUNPATH_SEARCH_PATHS = (
					"$(inherited)",
					"@executable_path/Frameworks",
				);
				MARKETING_VERSION = 1.0;
				PRODUCT_BUNDLE_IDENTIFIER = github.com.valentinobaongoc.SwiftUITest;
				PRODUCT_NAME = "$(TARGET_NAME)";
				SWIFT_EMIT_LOC_STRINGS = YES;
				SWIFT_VERSION = 5.0;
				TARGETED_DEVICE_FAMILY = "1,2";
			};
			name = Release;
		};
		CAFBD56A283DD92F00830EED /* Debug */ = {
			isa = XCBuildConfiguration;
			buildSettings = {
				ALWAYS_EMBED_SWIFT_STANDARD_LIBRARIES = YES;
				BUNDLE_LOADER = "$(TEST_HOST)";
				CODE_SIGN_STYLE = Automatic;
				CURRENT_PROJECT_VERSION = 1;
				DEVELOPMENT_TEAM = KXRYK7VGBQ;
				GENERATE_INFOPLIST_FILE = YES;
				IPHONEOS_DEPLOYMENT_TARGET = 15.2;
				MARKETING_VERSION = 1.0;
				PRODUCT_BUNDLE_IDENTIFIER = github.com.valentinobaongoc.SwiftUITestTests;
				PRODUCT_NAME = "$(TARGET_NAME)";
				SWIFT_EMIT_LOC_STRINGS = NO;
				SWIFT_VERSION = 5.0;
				TARGETED_DEVICE_FAMILY = "1,2";
				TEST_HOST = "$(BUILT_PRODUCTS_DIR)/SwiftUITest.app/SwiftUITest";
			};
			name = Debug;
		};
		CAFBD56B283DD92F00830EED /* Release */ = {
			isa = XCBuildConfiguration;
			buildSettings = {
				ALWAYS_EMBED_SWIFT_STANDARD_LIBRARIES = YES;
				BUNDLE_LOADER = "$(TEST_HOST)";
				CODE_SIGN_STYLE = Automatic;
				CURRENT_PROJECT_VERSION = 1;
				DEVELOPMENT_TEAM = KXRYK7VGBQ;
				GENERATE_INFOPLIST_FILE = YES;
				IPHONEOS_DEPLOYMENT_TARGET = 15.2;
				MARKETING_VERSION = 1.0;
				PRODUCT_BUNDLE_IDENTIFIER = github.com.valentinobaongoc.SwiftUITestTests;
				PRODUCT_NAME = "$(TARGET_NAME)";
				SWIFT_EMIT_LOC_STRINGS = NO;
				SWIFT_VERSION = 5.0;
				TARGETED_DEVICE_FAMILY = "1,2";
				TEST_HOST = "$(BUILT_PRODUCTS_DIR)/SwiftUITest.app/SwiftUITest";
			};
			name = Release;
		};
		CAFBD56D283DD92F00830EED /* Debug */ = {
			isa = XCBuildConfiguration;
			buildSettings = {
				ALWAYS_EMBED_SWIFT_STANDARD_LIBRARIES = YES;
				CODE_SIGN_STYLE = Automatic;
				CURRENT_PROJECT_VERSION = 1;
				DEVELOPMENT_TEAM = KXRYK7VGBQ;
				GENERATE_INFOPLIST_FILE = YES;
				MARKETING_VERSION = 1.0;
				PRODUCT_BUNDLE_IDENTIFIER = github.com.valentinobaongoc.SwiftUITestUITests;
				PRODUCT_NAME = "$(TARGET_NAME)";
				SWIFT_EMIT_LOC_STRINGS = NO;
				SWIFT_VERSION = 5.0;
				TARGETED_DEVICE_FAMILY = "1,2";
				TEST_TARGET_NAME = SwiftUITest;
			};
			name = Debug;
		};
		CAFBD56E283DD92F00830EED /* Release */ = {
			isa = XCBuildConfiguration;
			buildSettings = {
				ALWAYS_EMBED_SWIFT_STANDARD_LIBRARIES = YES;
				CODE_SIGN_STYLE = Automatic;
				CURRENT_PROJECT_VERSION = 1;
				DEVELOPMENT_TEAM = KXRYK7VGBQ;
				GENERATE_INFOPLIST_FILE = YES;
				MARKETING_VERSION = 1.0;
				PRODUCT_BUNDLE_IDENTIFIER = github.com.valentinobaongoc.SwiftUITestUITests;
				PRODUCT_NAME = "$(TARGET_NAME)";
				SWIFT_EMIT_LOC_STRINGS = NO;
				SWIFT_VERSION = 5.0;
				TARGETED_DEVICE_FAMILY = "1,2";
				TEST_TARGET_NAME = SwiftUITest;
			};
			name = Release;
		};
/* End XCBuildConfiguration section */

/* Begin XCConfigurationList section */
		CAFBD538283DD92C00830EED /* Build configuration list for PBXProject "SwiftUITest" */ = {
			isa = XCConfigurationList;
			buildConfigurations = (
				CAFBD564283DD92F00830EED /* Debug */,
				CAFBD565283DD92F00830EED /* Release */,
			);
			defaultConfigurationIsVisible = 0;
			defaultConfigurationName = Release;
		};
		CAFBD566283DD92F00830EED /* Build configuration list for PBXNativeTarget "SwiftUITest" */ = {
			isa = XCConfigurationList;
			buildConfigurations = (
				CAFBD567283DD92F00830EED /* Debug */,
				CAFBD568283DD92F00830EED /* Release */,
			);
			defaultConfigurationIsVisible = 0;
			defaultConfigurationName = Release;
		};
		CAFBD569283DD92F00830EED /* Build configuration list for PBXNativeTarget "SwiftUITestTests" */ = {
			isa = XCConfigurationList;
			buildConfigurations = (
				CAFBD56A283DD92F00830EED /* Debug */,
				CAFBD56B283DD92F00830EED /* Release */,
			);
			defaultConfigurationIsVisible = 0;
			defaultConfigurationName = Release;
		};
		CAFBD56C283DD92F00830EED /* Build configuration list for PBXNativeTarget "SwiftUITestUITests" */ = {
			isa = XCConfigurationList;
			buildConfigurations = (
				CAFBD56D283DD92F00830EED /* Debug */,
				CAFBD56E283DD92F00830EED /* Release */,
			);
			defaultConfigurationIsVisible = 0;
			defaultConfigurationName = Release;
		};
/* End XCConfigurationList section */

/* Begin XCVersionGroup section */
		CAFBD54B283DD92E00830EED /* SwiftUITest.xcdatamodeld */ = {
			isa = XCVersionGroup;
			children = (
				CAFBD54C283DD92E00830EED /* SwiftUITest.xcdatamodel */,
			);
			currentVersion = CAFBD54C283DD92E00830EED /* SwiftUITest.xcdatamodel */;
			path = SwiftUITest.xcdatamodeld;
			sourceTree = "<group>";
			versionGroupType = wrapper.xcdatamodel;
		};
/* End XCVersionGroup section */
	};
	rootObject = CAFBD535283DD92C00830EED /* Project object */;
}
